
Microsoft Visual Studio Solution File, Format Version 12.00
# Visual Studio 15
VisualStudioVersion = 15.0.27004.2005
MinimumVisualStudioVersion = 10.0.40219.1
Project("{FAE04EC0-301F-11D3-BF4B-00C04F79EFBC}") = "MetarAnalyzer", "MetarAnalyzer\MetarAnalyzer.csproj", "{E6E877C0-2FFC-43CA-8C64-01A64D822C71}"
EndProject
Global
	GlobalSection(SolutionConfigurationPlatforms) = preSolution
		Debug|Any CPU = Debug|Any CPU
		Release|Any CPU = Release|Any CPU
	EndGlobalSection
	GlobalSection(ProjectConfigurationPlatforms) = postSolution
		{E6E877C0-2FFC-43CA-8C64-01A64D822C71}.Debug|Any CPU.ActiveCfg = Debug|Any CPU
		{E6E877C0-2FFC-43CA-8C64-01A64D822C71}.Debug|Any CPU.Build.0 = Debug|Any CPU
		{E6E877C0-2FFC-43CA-8C64-01A64D822C71}.Release|Any CPU.ActiveCfg = Release|Any CPU
		{E6E877C0-2FFC-43CA-8C64-01A64D822C71}.Release|Any CPU.Build.0 = Release|Any CPU
	EndGlobalSection
	GlobalSection(SolutionProperties) = preSolution
		HideSolutionNode = FALSE
	EndGlobalSection
	GlobalSection(ExtensibilityGlobals) = postSolution
		SolutionGuid = {264393BB-D0C2-445D-A9C8-A6E4C839348B}
	EndGlobalSection
EndGlobal
